
Microsoft Visual Studio Solution File, Format Version 12.00
# Visual Studio 15
VisualStudioVersion = 15.0.27130.2010
MinimumVisualStudioVersion = 10.0.40219.1
Project("{FAE04EC0-301F-11D3-BF4B-00C04F79EFBC}") = "Lib.Mvc.Template", "Lib.Mvc.Template\Lib.Mvc.Template.csproj", "{9DBD462A-A804-4FEB-BDE9-64CAE168AD8F}"
EndProject
Global
	GlobalSection(SolutionConfigurationPlatforms) = preSolution
		Debug|Any CPU = Debug|Any CPU
		Release|Any CPU = Release|Any CPU
	EndGlobalSection
	GlobalSection(ProjectConfigurationPlatforms) = postSolution
		{9DBD462A-A804-4FEB-BDE9-64CAE168AD8F}.Debug|Any CPU.ActiveCfg = Debug|Any CPU
		{9DBD462A-A804-4FEB-BDE9-64CAE168AD8F}.Debug|Any CPU.Build.0 = Debug|Any CPU
		{9DBD462A-A804-4FEB-BDE9-64CAE168AD8F}.Release|Any CPU.ActiveCfg = Release|Any CPU
		{9DBD462A-A804-4FEB-BDE9-64CAE168AD8F}.Release|Any CPU.Build.0 = Release|Any CPU
	EndGlobalSection
	GlobalSection(SolutionProperties) = preSolution
		HideSolutionNode = FALSE
	EndGlobalSection
	GlobalSection(ExtensibilityGlobals) = postSolution
		SolutionGuid = {620EF271-C1C8-4ECE-8456-43F34B62F71B}
	EndGlobalSection
EndGlobal
